
Microsoft Visual Studio Solution File, Format Version 12.00
# Visual Studio Version 17
VisualStudioVersion = 17.9.34714.143
MinimumVisualStudioVersion = 10.0.40219.1
Project("{FAE04EC0-301F-11D3-BF4B-00C04F79EFBC}") = "TestDemo", "TestDemo.csproj", "{D73D3B97-D9FA-40BB-A1B8-314C6985EE19}"
EndProject
Global
	GlobalSection(SolutionConfigurationPlatforms) = preSolution
		Debug|Any CPU = Debug|Any CPU
		Release|Any CPU = Release|Any CPU
	EndGlobalSection
	GlobalSection(ProjectConfigurationPlatforms) = postSolution
		{D73D3B97-D9FA-40BB-A1B8-314C6985EE19}.Debug|Any CPU.ActiveCfg = Debug|Any CPU
		{D73D3B97-D9FA-40BB-A1B8-314C6985EE19}.Debug|Any CPU.Build.0 = Debug|Any CPU
		{D73D3B97-D9FA-40BB-A1B8-314C6985EE19}.Release|Any CPU.ActiveCfg = Release|Any CPU
		{D73D3B97-D9FA-40BB-A1B8-314C6985EE19}.Release|Any CPU.Build.0 = Release|Any CPU
	EndGlobalSection
	GlobalSection(SolutionProperties) = preSolution
		HideSolutionNode = FALSE
	EndGlobalSection
	GlobalSection(ExtensibilityGlobals) = postSolution
		SolutionGuid = {781B7C13-5003-4AF1-851A-A6CB956C916F}
	EndGlobalSection
EndGlobal
